// !$*UTF8*$!
{
	archiveVersion = 1;
	classes = {
	};
	objectVersion = 56;
	objects = {

/* Begin PBXBuildFile section */
		08C74C8A29C2B1000048C87B /* ContentView.swift in Sources */ = {isa = PBXBuildFile; fileRef = 08C74C8929C2B1000048C87B /* ContentView.swift */; };
		08C74C8C29C2B1030048C87B /* Assets.xcassets in Resources */ = {isa = PBXBuildFile; fileRef = 08C74C8B29C2B1030048C87B /* Assets.xcassets */; };
		08C74C8F29C2B1030048C87B /* Preview Assets.xcassets in Resources */ = {isa = PBXBuildFile; fileRef = 08C74C8E29C2B1030048C87B /* Preview Assets.xcassets */; };
		08C74C9929C2B1030048C87B /* SemaudioORTTests.swift in Sources */ = {isa = PBXBuildFile; fileRef = 08C74C9829C2B1030048C87B /* SemaudioORTTests.swift */; };
		08C74CA329C2B1030048C87B /* SemaudioORTUITests.swift in Sources */ = {isa = PBXBuildFile; fileRef = 08C74CA229C2B1030048C87B /* SemaudioORTUITests.swift */; };
		08C74CA529C2B1030048C87B /* SemaudioORTUITestsLaunchTests.swift in Sources */ = {isa = PBXBuildFile; fileRef = 08C74CA429C2B1030048C87B /* SemaudioORTUITestsLaunchTests.swift */; };
		08C74CB629C2B2700048C87B /* SemaudioORTApp.swift in Sources */ = {isa = PBXBuildFile; fileRef = 08C74CB529C2B2700048C87B /* SemaudioORTApp.swift */; };
		08C74CB829C2B2950048C87B /* ContentView.swift in Sources */ = {isa = PBXBuildFile; fileRef = 08C74CB729C2B2950048C87B /* ContentView.swift */; };
		08C74CBA29C2B2A20048C87B /* Model.swift in Sources */ = {isa = PBXBuildFile; fileRef = 08C74CB929C2B2A10048C87B /* Model.swift */; };
		08C74CBD29C2DE310048C87B /* model.ort in Resources */ = {isa = PBXBuildFile; fileRef = 08C74CBC29C2DE310048C87B /* model.ort */; };
		282097A56C10AA39AFA0A4BB /* Pods_SemaudioORT.framework in Frameworks */ = {isa = PBXBuildFile; fileRef = 0C44ECFE66E4A55204C10F03 /* Pods_SemaudioORT.framework */; };
		77EDD32BA0C259BD91682C9D /* Pods_SemaudioORTTests.framework in Frameworks */ = {isa = PBXBuildFile; fileRef = E66DB75445446BA902435FFC /* Pods_SemaudioORTTests.framework */; };
/* End PBXBuildFile section */

/* Begin PBXContainerItemProxy section */
		08C74C9529C2B1030048C87B /* PBXContainerItemProxy */ = {
			isa = PBXContainerItemProxy;
			containerPortal = 08C74C7C29C2B1000048C87B /* Project object */;
			proxyType = 1;
			remoteGlobalIDString = 08C74C8329C2B1000048C87B;
			remoteInfo = SemaudioORT;
		};
		08C74C9F29C2B1030048C87B /* PBXContainerItemProxy */ = {
			isa = PBXContainerItemProxy;
			containerPortal = 08C74C7C29C2B1000048C87B /* Project object */;
			proxyType = 1;
			remoteGlobalIDString = 08C74C8329C2B1000048C87B;
			remoteInfo = SemaudioORT;
		};
/* End PBXContainerItemProxy section */

/* Begin PBXFileReference section */
		08C74C8429C2B1000048C87B /* SemaudioORT.app */ = {isa = PBXFileReference; explicitFileType = wrapper.application; includeInIndex = 0; path = SemaudioORT.app; sourceTree = BUILT_PRODUCTS_DIR; };
		08C74C8929C2B1000048C87B /* ContentView.swift */ = {isa = PBXFileReference; lastKnownFileType = sourcecode.swift; path = ContentView.swift; sourceTree = "<group>"; };
		08C74C8B29C2B1030048C87B /* Assets.xcassets */ = {isa = PBXFileReference; lastKnownFileType = folder.assetcatalog; path = Assets.xcassets; sourceTree = "<group>"; };
		08C74C8E29C2B1030048C87B /* Preview Assets.xcassets */ = {isa = PBXFileReference; lastKnownFileType = folder.assetcatalog; path = "Preview Assets.xcassets"; sourceTree = "<group>"; };
		08C74C9429C2B1030048C87B /* SemaudioORTTests.xctest */ = {isa = PBXFileReference; explicitFileType = wrapper.cfbundle; includeInIndex = 0; path = SemaudioORTTests.xctest; sourceTree = BUILT_PRODUCTS_DIR; };
		08C74C9829C2B1030048C87B /* SemaudioORTTests.swift */ = {isa = PBXFileReference; lastKnownFileType = sourcecode.swift; path = SemaudioORTTests.swift; sourceTree = "<group>"; };
		08C74C9E29C2B1030048C87B /* SemaudioORTUITests.xctest */ = {isa = PBXFileReference; explicitFileType = wrapper.cfbundle; includeInIndex = 0; path = SemaudioORTUITests.xctest; sourceTree = BUILT_PRODUCTS_DIR; };
		08C74CA229C2B1030048C87B /* SemaudioORTUITests.swift */ = {isa = PBXFileReference; lastKnownFileType = sourcecode.swift; path = SemaudioORTUITests.swift; sourceTree = "<group>"; };
		08C74CA429C2B1030048C87B /* SemaudioORTUITestsLaunchTests.swift */ = {isa = PBXFileReference; lastKnownFileType = sourcecode.swift; path = SemaudioORTUITestsLaunchTests.swift; sourceTree = "<group>"; };
		08C74CB529C2B2700048C87B /* SemaudioORTApp.swift */ = {isa = PBXFileReference; lastKnownFileType = sourcecode.swift; path = SemaudioORTApp.swift; sourceTree = "<group>"; };
		08C74CB729C2B2950048C87B /* ContentView.swift */ = {isa = PBXFileReference; lastKnownFileType = sourcecode.swift; path = ContentView.swift; sourceTree = "<group>"; };
		08C74CB929C2B2A10048C87B /* Model.swift */ = {isa = PBXFileReference; lastKnownFileType = sourcecode.swift; path = Model.swift; sourceTree = "<group>"; };
		08C74CBB29C2B3100048C87B /* Model-Bridging-header.h */ = {isa = PBXFileReference; lastKnownFileType = sourcecode.c.h; path = "Model-Bridging-header.h"; sourceTree = "<group>"; };
		08C74CBC29C2DE310048C87B /* model.ort */ = {isa = PBXFileReference; lastKnownFileType = file; path = model.ort; sourceTree = SOURCE_ROOT; };
		0C44ECFE66E4A55204C10F03 /* Pods_SemaudioORT.framework */ = {isa = PBXFileReference; explicitFileType = wrapper.framework; includeInIndex = 0; path = Pods_SemaudioORT.framework; sourceTree = BUILT_PRODUCTS_DIR; };
		4F633C62A5AE0CFD43C4870C /* Pods-SemaudioORTTests.release.xcconfig */ = {isa = PBXFileReference; includeInIndex = 1; lastKnownFileType = text.xcconfig; name = "Pods-SemaudioORTTests.release.xcconfig"; path = "Target Support Files/Pods-SemaudioORTTests/Pods-SemaudioORTTests.release.xcconfig"; sourceTree = "<group>"; };
		6FF65F1BEB945006AF8B8C74 /* Pods-SemaudioORT.release.xcconfig */ = {isa = PBXFileReference; includeInIndex = 1; lastKnownFileType = text.xcconfig; name = "Pods-SemaudioORT.release.xcconfig"; path = "Target Support Files/Pods-SemaudioORT/Pods-SemaudioORT.release.xcconfig"; sourceTree = "<group>"; };
		8125335B87F4F554DD49DFE2 /* Pods-SemaudioORTTests.debug.xcconfig */ = {isa = PBXFileReference; includeInIndex = 1; lastKnownFileType = text.xcconfig; name = "Pods-SemaudioORTTests.debug.xcconfig"; path = "Target Support Files/Pods-SemaudioORTTests/Pods-SemaudioORTTests.debug.xcconfig"; sourceTree = "<group>"; };
		E66DB75445446BA902435FFC /* Pods_SemaudioORTTests.framework */ = {isa = PBXFileReference; explicitFileType = wrapper.framework; includeInIndex = 0; path = Pods_SemaudioORTTests.framework; sourceTree = BUILT_PRODUCTS_DIR; };
		F569894141087F88A3BC1290 /* Pods-SemaudioORT.debug.xcconfig */ = {isa = PBXFileReference; includeInIndex = 1; lastKnownFileType = text.xcconfig; name = "Pods-SemaudioORT.debug.xcconfig"; path = "Target Support Files/Pods-SemaudioORT/Pods-SemaudioORT.debug.xcconfig"; sourceTree = "<group>"; };
/* End PBXFileReference section */

/* Begin PBXFrameworksBuildPhase section */
		08C74C8129C2B1000048C87B /* Frameworks */ = {
			isa = PBXFrameworksBuildPhase;
			buildActionMask = 2147483647;
			files = (
				282097A56C10AA39AFA0A4BB /* Pods_SemaudioORT.framework in Frameworks */,
			);
			runOnlyForDeploymentPostprocessing = 0;
		};
		08C74C9129C2B1030048C87B /* Frameworks */ = {
			isa = PBXFrameworksBuildPhase;
			buildActionMask = 2147483647;
			files = (
				77EDD32BA0C259BD91682C9D /* Pods_SemaudioORTTests.framework in Frameworks */,
			);
			runOnlyForDeploymentPostprocessing = 0;
		};
		08C74C9B29C2B1030048C87B /* Frameworks */ = {
			isa = PBXFrameworksBuildPhase;
			buildActionMask = 2147483647;
			files = (
			);
			runOnlyForDeploymentPostprocessing = 0;
		};
/* End PBXFrameworksBuildPhase section */

/* Begin PBXGroup section */
		08C74C7B29C2B1000048C87B = {
			isa = PBXGroup;
			children = (
				08C74C8629C2B1000048C87B /* SemaudioORT */,
				08C74C9729C2B1030048C87B /* SemaudioORTTests */,
				08C74CA129C2B1030048C87B /* SemaudioORTUITests */,
				08C74C8529C2B1000048C87B /* Products */,
				894EE5A0FC4A67DB06764D3C /* Pods */,
				32929684D074D1E68F07AB6D /* Frameworks */,
			);
			sourceTree = "<group>";
		};
		08C74C8529C2B1000048C87B /* Products */ = {
			isa = PBXGroup;
			children = (
				08C74C8429C2B1000048C87B /* SemaudioORT.app */,
				08C74C9429C2B1030048C87B /* SemaudioORTTests.xctest */,
				08C74C9E29C2B1030048C87B /* SemaudioORTUITests.xctest */,
			);
			name = Products;
			sourceTree = "<group>";
		};
		08C74C8629C2B1000048C87B /* SemaudioORT */ = {
			isa = PBXGroup;
			children = (
				08C74CBC29C2DE310048C87B /* model.ort */,
				08C74CB729C2B2950048C87B /* ContentView.swift */,
				08C74CB929C2B2A10048C87B /* Model.swift */,
				08C74CBB29C2B3100048C87B /* Model-Bridging-header.h */,
				08C74CB529C2B2700048C87B /* SemaudioORTApp.swift */,
				08C74C8929C2B1000048C87B /* ContentView.swift */,
				08C74C8B29C2B1030048C87B /* Assets.xcassets */,
				08C74C8D29C2B1030048C87B /* Preview Content */,
			);
			path = SemaudioORT;
			sourceTree = "<group>";
		};
		08C74C8D29C2B1030048C87B /* Preview Content */ = {
			isa = PBXGroup;
			children = (
				08C74C8E29C2B1030048C87B /* Preview Assets.xcassets */,
			);
			path = "Preview Content";
			sourceTree = "<group>";
		};
		08C74C9729C2B1030048C87B /* SemaudioORTTests */ = {
			isa = PBXGroup;
			children = (
				08C74C9829C2B1030048C87B /* SemaudioORTTests.swift */,
			);
			path = SemaudioORTTests;
			sourceTree = "<group>";
		};
		08C74CA129C2B1030048C87B /* SemaudioORTUITests */ = {
			isa = PBXGroup;
			children = (
				08C74CA229C2B1030048C87B /* SemaudioORTUITests.swift */,
				08C74CA429C2B1030048C87B /* SemaudioORTUITestsLaunchTests.swift */,
			);
			path = SemaudioORTUITests;
			sourceTree = "<group>";
		};
		32929684D074D1E68F07AB6D /* Frameworks */ = {
			isa = PBXGroup;
			children = (
				0C44ECFE66E4A55204C10F03 /* Pods_SemaudioORT.framework */,
				E66DB75445446BA902435FFC /* Pods_SemaudioORTTests.framework */,
			);
			name = Frameworks;
			sourceTree = "<group>";
		};
		894EE5A0FC4A67DB06764D3C /* Pods */ = {
			isa = PBXGroup;
			children = (
				F569894141087F88A3BC1290 /* Pods-SemaudioORT.debug.xcconfig */,
				6FF65F1BEB945006AF8B8C74 /* Pods-SemaudioORT.release.xcconfig */,
				8125335B87F4F554DD49DFE2 /* Pods-SemaudioORTTests.debug.xcconfig */,
				4F633C62A5AE0CFD43C4870C /* Pods-SemaudioORTTests.release.xcconfig */,
			);
			path = Pods;
			sourceTree = "<group>";
		};
/* End PBXGroup section */

/* Begin PBXNativeTarget section */
		08C74C8329C2B1000048C87B /* SemaudioORT */ = {
			isa = PBXNativeTarget;
			buildConfigurationList = 08C74CA829C2B1030048C87B /* Build configuration list for PBXNativeTarget "SemaudioORT" */;
			buildPhases = (
				CB40A93E09913482AB3F5830 /* [CP] Check Pods Manifest.lock */,
				08C74C8029C2B1000048C87B /* Sources */,
				08C74C8129C2B1000048C87B /* Frameworks */,
				08C74C8229C2B1000048C87B /* Resources */,
			);
			buildRules = (
			);
			dependencies = (
			);
			name = SemaudioORT;
			productName = SemaudioORT;
			productReference = 08C74C8429C2B1000048C87B /* SemaudioORT.app */;
			productType = "com.apple.product-type.application";
		};
		08C74C9329C2B1030048C87B /* SemaudioORTTests */ = {
			isa = PBXNativeTarget;
			buildConfigurationList = 08C74CAB29C2B1030048C87B /* Build configuration list for PBXNativeTarget "SemaudioORTTests" */;
			buildPhases = (
				4895DBB17FE7D11A9E3413FD /* [CP] Check Pods Manifest.lock */,
				08C74C9029C2B1030048C87B /* Sources */,
				08C74C9129C2B1030048C87B /* Frameworks */,
				08C74C9229C2B1030048C87B /* Resources */,
			);
			buildRules = (
			);
			dependencies = (
				08C74C9629C2B1030048C87B /* PBXTargetDependency */,
			);
			name = SemaudioORTTests;
			productName = SemaudioORTTests;
			productReference = 08C74C9429C2B1030048C87B /* SemaudioORTTests.xctest */;
			productType = "com.apple.product-type.bundle.unit-test";
		};
		08C74C9D29C2B1030048C87B /* SemaudioORTUITests */ = {
			isa = PBXNativeTarget;
			buildConfigurationList = 08C74CAE29C2B1030048C87B /* Build configuration list for PBXNativeTarget "SemaudioORTUITests" */;
			buildPhases = (
				08C74C9A29C2B1030048C87B /* Sources */,
				08C74C9B29C2B1030048C87B /* Frameworks */,
				08C74C9C29C2B1030048C87B /* Resources */,
			);
			buildRules = (
			);
			dependencies = (
				08C74CA029C2B1030048C87B /* PBXTargetDependency */,
			);
			name = SemaudioORTUITests;
			productName = SemaudioORTUITests;
			productReference = 08C74C9E29C2B1030048C87B /* SemaudioORTUITests.xctest */;
			productType = "com.apple.product-type.bundle.ui-testing";
		};
/* End PBXNativeTarget section */

/* Begin PBXProject section */
		08C74C7C29C2B1000048C87B /* Project object */ = {
			isa = PBXProject;
			attributes = {
				BuildIndependentTargetsInParallel = 1;
				LastSwiftUpdateCheck = 1420;
				LastUpgradeCheck = 1420;
				TargetAttributes = {
					08C74C8329C2B1000048C87B = {
						CreatedOnToolsVersion = 14.2;
					};
					08C74C9329C2B1030048C87B = {
						CreatedOnToolsVersion = 14.2;
						TestTargetID = 08C74C8329C2B1000048C87B;
					};
					08C74C9D29C2B1030048C87B = {
						CreatedOnToolsVersion = 14.2;
						TestTargetID = 08C74C8329C2B1000048C87B;
					};
				};
			};
			buildConfigurationList = 08C74C7F29C2B1000048C87B /* Build configuration list for PBXProject "SemaudioORT" */;
			compatibilityVersion = "Xcode 14.0";
			developmentRegion = en;
			hasScannedForEncodings = 0;
			knownRegions = (
				en,
				Base,
			);
			mainGroup = 08C74C7B29C2B1000048C87B;
			productRefGroup = 08C74C8529C2B1000048C87B /* Products */;
			projectDirPath = "";
			projectRoot = "";
			targets = (
				08C74C8329C2B1000048C87B /* SemaudioORT */,
				08C74C9329C2B1030048C87B /* SemaudioORTTests */,
				08C74C9D29C2B1030048C87B /* SemaudioORTUITests */,
			);
		};
/* End PBXProject section */

/* Begin PBXResourcesBuildPhase section */
		08C74C8229C2B1000048C87B /* Resources */ = {
			isa = PBXResourcesBuildPhase;
			buildActionMask = 2147483647;
			files = (
				08C74C8F29C2B1030048C87B /* Preview Assets.xcassets in Resources */,
				08C74CBD29C2DE310048C87B /* model.ort in Resources */,
				08C74C8C29C2B1030048C87B /* Assets.xcassets in Resources */,
			);
			runOnlyForDeploymentPostprocessing = 0;
		};
		08C74C9229C2B1030048C87B /* Resources */ = {
			isa = PBXResourcesBuildPhase;
			buildActionMask = 2147483647;
			files = (
			);
			runOnlyForDeploymentPostprocessing = 0;
		};
		08C74C9C29C2B1030048C87B /* Resources */ = {
			isa = PBXResourcesBuildPhase;
			buildActionMask = 2147483647;
			files = (
			);
			runOnlyForDeploymentPostprocessing = 0;
		};
/* End PBXResourcesBuildPhase section */

/* Begin PBXShellScriptBuildPhase section */
		4895DBB17FE7D11A9E3413FD /* [CP] Check Pods Manifest.lock */ = {
			isa = PBXShellScriptBuildPhase;
			buildActionMask = 2147483647;
			files = (
			);
			inputFileListPaths = (
			);
			inputPaths = (
				"${PODS_PODFILE_DIR_PATH}/Podfile.lock",
				"${PODS_ROOT}/Manifest.lock",
			);
			name = "[CP] Check Pods Manifest.lock";
			outputFileListPaths = (
			);
			outputPaths = (
				"$(DERIVED_FILE_DIR)/Pods-SemaudioORTTests-checkManifestLockResult.txt",
			);
			runOnlyForDeploymentPostprocessing = 0;
			shellPath = /bin/sh;
			shellScript = "diff \"${PODS_PODFILE_DIR_PATH}/Podfile.lock\" \"${PODS_ROOT}/Manifest.lock\" > /dev/null\nif [ $? != 0 ] ; then\n    # print error to STDERR\n    echo \"error: The sandbox is not in sync with the Podfile.lock. Run 'pod install' or update your CocoaPods installation.\" >&2\n    exit 1\nfi\n# This output is used by Xcode 'outputs' to avoid re-running this script phase.\necho \"SUCCESS\" > \"${SCRIPT_OUTPUT_FILE_0}\"\n";
			showEnvVarsInLog = 0;
		};
		CB40A93E09913482AB3F5830 /* [CP] Check Pods Manifest.lock */ = {
			isa = PBXShellScriptBuildPhase;
			buildActionMask = 2147483647;
			files = (
			);
			inputFileListPaths = (
			);
			inputPaths = (
				"${PODS_PODFILE_DIR_PATH}/Podfile.lock",
				"${PODS_ROOT}/Manifest.lock",
			);
			name = "[CP] Check Pods Manifest.lock";
			outputFileListPaths = (
			);
			outputPaths = (
				"$(DERIVED_FILE_DIR)/Pods-SemaudioORT-checkManifestLockResult.txt",
			);
			runOnlyForDeploymentPostprocessing = 0;
			shellPath = /bin/sh;
			shellScript = "diff \"${PODS_PODFILE_DIR_PATH}/Podfile.lock\" \"${PODS_ROOT}/Manifest.lock\" > /dev/null\nif [ $? != 0 ] ; then\n    # print error to STDERR\n    echo \"error: The sandbox is not in sync with the Podfile.lock. Run 'pod install' or update your CocoaPods installation.\" >&2\n    exit 1\nfi\n# This output is used by Xcode 'outputs' to avoid re-running this script phase.\necho \"SUCCESS\" > \"${SCRIPT_OUTPUT_FILE_0}\"\n";
			showEnvVarsInLog = 0;
		};
/* End PBXShellScriptBuildPhase section */

/* Begin PBXSourcesBuildPhase section */
		08C74C8029C2B1000048C87B /* Sources */ = {
			isa = PBXSourcesBuildPhase;
			buildActionMask = 2147483647;
			files = (
				08C74C8A29C2B1000048C87B /* ContentView.swift in Sources */,
				08C74CB629C2B2700048C87B /* SemaudioORTApp.swift in Sources */,
				08C74CB829C2B2950048C87B /* ContentView.swift in Sources */,
				08C74CBA29C2B2A20048C87B /* Model.swift in Sources */,
			);
			runOnlyForDeploymentPostprocessing = 0;
		};
		08C74C9029C2B1030048C87B /* Sources */ = {
			isa = PBXSourcesBuildPhase;
			buildActionMask = 2147483647;
			files = (
				08C74C9929C2B1030048C87B /* SemaudioORTTests.swift in Sources */,
			);
			runOnlyForDeploymentPostprocessing = 0;
		};
		08C74C9A29C2B1030048C87B /* Sources */ = {
			isa = PBXSourcesBuildPhase;
			buildActionMask = 2147483647;
			files = (
				08C74CA329C2B1030048C87B /* SemaudioORTUITests.swift in Sources */,
				08C74CA529C2B1030048C87B /* SemaudioORTUITestsLaunchTests.swift in Sources */,
			);
			runOnlyForDeploymentPostprocessing = 0;
		};
/* End PBXSourcesBuildPhase section */

/* Begin PBXTargetDependency section */
		08C74C9629C2B1030048C87B /* PBXTargetDependency */ = {
			isa = PBXTargetDependency;
			target = 08C74C8329C2B1000048C87B /* SemaudioORT */;
			targetProxy = 08C74C9529C2B1030048C87B /* PBXContainerItemProxy */;
		};
		08C74CA029C2B1030048C87B /* PBXTargetDependency */ = {
			isa = PBXTargetDependency;
			target = 08C74C8329C2B1000048C87B /* SemaudioORT */;
			targetProxy = 08C74C9F29C2B1030048C87B /* PBXContainerItemProxy */;
		};
/* End PBXTargetDependency section */

/* Begin XCBuildConfiguration section */
		08C74CA629C2B1030048C87B /* Debug */ = {
			isa = XCBuildConfiguration;
			buildSettings = {
				ALWAYS_SEARCH_USER_PATHS = NO;
				CLANG_ANALYZER_NONNULL = YES;
				CLANG_ANALYZER_NUMBER_OBJECT_CONVERSION = YES_AGGRESSIVE;
				CLANG_CXX_LANGUAGE_STANDARD = "gnu++20";
				CLANG_ENABLE_MODULES = YES;
				CLANG_ENABLE_OBJC_ARC = YES;
				CLANG_ENABLE_OBJC_WEAK = YES;
				CLANG_WARN_BLOCK_CAPTURE_AUTORELEASING = YES;
				CLANG_WARN_BOOL_CONVERSION = YES;
				CLANG_WARN_COMMA = YES;
				CLANG_WARN_CONSTANT_CONVERSION = YES;
				CLANG_WARN_DEPRECATED_OBJC_IMPLEMENTATIONS = YES;
				CLANG_WARN_DIRECT_OBJC_ISA_USAGE = YES_ERROR;
				CLANG_WARN_DOCUMENTATION_COMMENTS = YES;
				CLANG_WARN_EMPTY_BODY = YES;
				CLANG_WARN_ENUM_CONVERSION = YES;
				CLANG_WARN_INFINITE_RECURSION = YES;
				CLANG_WARN_INT_CONVERSION = YES;
				CLANG_WARN_NON_LITERAL_NULL_CONVERSION = YES;
				CLANG_WARN_OBJC_IMPLICIT_RETAIN_SELF = YES;
				CLANG_WARN_OBJC_LITERAL_CONVERSION = YES;
				CLANG_WARN_OBJC_ROOT_CLASS = YES_ERROR;
				CLANG_WARN_QUOTED_INCLUDE_IN_FRAMEWORK_HEADER = YES;
				CLANG_WARN_RANGE_LOOP_ANALYSIS = YES;
				CLANG_WARN_STRICT_PROTOTYPES = YES;
				CLANG_WARN_SUSPICIOUS_MOVE = YES;
				CLANG_WARN_UNGUARDED_AVAILABILITY = YES_AGGRESSIVE;
				CLANG_WARN_UNREACHABLE_CODE = YES;
				CLANG_WARN__DUPLICATE_METHOD_MATCH = YES;
				COPY_PHASE_STRIP = NO;
				DEBUG_INFORMATION_FORMAT = dwarf;
				ENABLE_STRICT_OBJC_MSGSEND = YES;
				ENABLE_TESTABILITY = YES;
				GCC_C_LANGUAGE_STANDARD = gnu11;
				GCC_DYNAMIC_NO_PIC = NO;
				GCC_NO_COMMON_BLOCKS = YES;
				GCC_OPTIMIZATION_LEVEL = 0;
				GCC_PREPROCESSOR_DEFINITIONS = (
					"DEBUG=1",
					"$(inherited)",
				);
				GCC_WARN_64_TO_32_BIT_CONVERSION = YES;
				GCC_WARN_ABOUT_RETURN_TYPE = YES_ERROR;
				GCC_WARN_UNDECLARED_SELECTOR = YES;
				GCC_WARN_UNINITIALIZED_AUTOS = YES_AGGRESSIVE;
				GCC_WARN_UNUSED_FUNCTION = YES;
				GCC_WARN_UNUSED_VARIABLE = YES;
				IPHONEOS_DEPLOYMENT_TARGET = 16.2;
				MTL_ENABLE_DEBUG_INFO = INCLUDE_SOURCE;
				MTL_FAST_MATH = YES;
				ONLY_ACTIVE_ARCH = YES;
				SDKROOT = iphoneos;
				SWIFT_ACTIVE_COMPILATION_CONDITIONS = DEBUG;
				SWIFT_OPTIMIZATION_LEVEL = "-Onone";
			};
			name = Debug;
		};
		08C74CA729C2B1030048C87B /* Release */ = {
			isa = XCBuildConfiguration;
			buildSettings = {
				ALWAYS_SEARCH_USER_PATHS = NO;
				CLANG_ANALYZER_NONNULL = YES;
				CLANG_ANALYZER_NUMBER_OBJECT_CONVERSION = YES_AGGRESSIVE;
				CLANG_CXX_LANGUAGE_STANDARD = "gnu++20";
				CLANG_ENABLE_MODULES = YES;
				CLANG_ENABLE_OBJC_ARC = YES;
				CLANG_ENABLE_OBJC_WEAK = YES;
				CLANG_WARN_BLOCK_CAPTURE_AUTORELEASING = YES;
				CLANG_WARN_BOOL_CONVERSION = YES;
				CLANG_WARN_COMMA = YES;
				CLANG_WARN_CONSTANT_CONVERSION = YES;
				CLANG_WARN_DEPRECATED_OBJC_IMPLEMENTATIONS = YES;
				CLANG_WARN_DIRECT_OBJC_ISA_USAGE = YES_ERROR;
				CLANG_WARN_DOCUMENTATION_COMMENTS = YES;
				CLANG_WARN_EMPTY_BODY = YES;
				CLANG_WARN_ENUM_CONVERSION = YES;
				CLANG_WARN_INFINITE_RECURSION = YES;
				CLANG_WARN_INT_CONVERSION = YES;
				CLANG_WARN_NON_LITERAL_NULL_CONVERSION = YES;
				CLANG_WARN_OBJC_IMPLICIT_RETAIN_SELF = YES;
				CLANG_WARN_OBJC_LITERAL_CONVERSION = YES;
				CLANG_WARN_OBJC_ROOT_CLASS = YES_ERROR;
				CLANG_WARN_QUOTED_INCLUDE_IN_FRAMEWORK_HEADER = YES;
				CLANG_WARN_RANGE_LOOP_ANALYSIS = YES;
				CLANG_WARN_STRICT_PROTOTYPES = YES;
				CLANG_WARN_SUSPICIOUS_MOVE = YES;
				CLANG_WARN_UNGUARDED_AVAILABILITY = YES_AGGRESSIVE;
				CLANG_WARN_UNREACHABLE_CODE = YES;
				CLANG_WARN__DUPLICATE_METHOD_MATCH = YES;
				COPY_PHASE_STRIP = NO;
				DEBUG_INFORMATION_FORMAT = "dwarf-with-dsym";
				ENABLE_NS_ASSERTIONS = NO;
				ENABLE_STRICT_OBJC_MSGSEND = YES;
				GCC_C_LANGUAGE_STANDARD = gnu11;
				GCC_NO_COMMON_BLOCKS = YES;
				GCC_WARN_64_TO_32_BIT_CONVERSION = YES;
				GCC_WARN_ABOUT_RETURN_TYPE = YES_ERROR;
				GCC_WARN_UNDECLARED_SELECTOR = YES;
				GCC_WARN_UNINITIALIZED_AUTOS = YES_AGGRESSIVE;
				GCC_WARN_UNUSED_FUNCTION = YES;
				GCC_WARN_UNUSED_VARIABLE = YES;
				IPHONEOS_DEPLOYMENT_TARGET = 16.2;
				MTL_ENABLE_DEBUG_INFO = NO;
				MTL_FAST_MATH = YES;
				SDKROOT = iphoneos;
				SWIFT_COMPILATION_MODE = wholemodule;
				SWIFT_OPTIMIZATION_LEVEL = "-O";
				VALIDATE_PRODUCT = YES;
			};
			name = Release;
		};
		08C74CA929C2B1030048C87B /* Debug */ = {
			isa = XCBuildConfiguration;
			baseConfigurationReference = F569894141087F88A3BC1290 /* Pods-SemaudioORT.debug.xcconfig */;
			buildSettings = {
				ASSETCATALOG_COMPILER_APPICON_NAME = AppIcon;
				ASSETCATALOG_COMPILER_GLOBAL_ACCENT_COLOR_NAME = AccentColor;
				CODE_SIGN_IDENTITY = "Apple Development";
				CODE_SIGN_STYLE = Automatic;
				CURRENT_PROJECT_VERSION = 1;
				DEVELOPMENT_ASSET_PATHS = "\"SemaudioORT/Preview Content\"";
				DEVELOPMENT_TEAM = X7J273CLKW;
				ENABLE_PREVIEWS = YES;
				GENERATE_INFOPLIST_FILE = YES;
				INFOPLIST_KEY_UIApplicationSceneManifest_Generation = YES;
				INFOPLIST_KEY_UIApplicationSupportsIndirectInputEvents = YES;
				INFOPLIST_KEY_UILaunchScreen_Generation = YES;
				INFOPLIST_KEY_UISupportedInterfaceOrientations_iPad = "UIInterfaceOrientationPortrait UIInterfaceOrientationPortraitUpsideDown UIInterfaceOrientationLandscapeLeft UIInterfaceOrientationLandscapeRight";
				INFOPLIST_KEY_UISupportedInterfaceOrientations_iPhone = "UIInterfaceOrientationPortrait UIInterfaceOrientationLandscapeLeft UIInterfaceOrientationLandscapeRight";
				IPHONEOS_DEPLOYMENT_TARGET = 16.1;
				LD_RUNPATH_SEARCH_PATHS = (
					"$(inherited)",
					"@executable_path/Frameworks",
				);
				MARKETING_VERSION = 1.0;
				PRODUCT_BUNDLE_IDENTIFIER = "nakamoto.research.SemaudioORT-nakamoto";
				PRODUCT_NAME = "$(TARGET_NAME)";
				PROVISIONING_PROFILE_SPECIFIER = "";
				SWIFT_EMIT_LOC_STRINGS = YES;
				SWIFT_VERSION = 5.0;
				TARGETED_DEVICE_FAMILY = "1,2";
			};
			name = Debug;
		};
		08C74CAA29C2B1030048C87B /* Release */ = {
			isa = XCBuildConfiguration;
			baseConfigurationReference = 6FF65F1BEB945006AF8B8C74 /* Pods-SemaudioORT.release.xcconfig */;
			buildSettings = {
				ASSETCATALOG_COMPILER_APPICON_NAME = AppIcon;
				ASSETCATALOG_COMPILER_GLOBAL_ACCENT_COLOR_NAME = AccentColor;
				CODE_SIGN_IDENTITY = "Apple Development";
				CODE_SIGN_STYLE = Automatic;
				CURRENT_PROJECT_VERSION = 1;
				DEVELOPMENT_ASSET_PATHS = "\"SemaudioORT/Preview Content\"";
				DEVELOPMENT_TEAM = X7J273CLKW;
				ENABLE_PREVIEWS = YES;
				GENERATE_INFOPLIST_FILE = YES;
				INFOPLIST_KEY_UIApplicationSceneManifest_Generation = YES;
				INFOPLIST_KEY_UIApplicationSupportsIndirectInputEvents = YES;
				INFOPLIST_KEY_UILaunchScreen_Generation = YES;
				INFOPLIST_KEY_UISupportedInterfaceOrientations_iPad = "UIInterfaceOrientationPortrait UIInterfaceOrientationPortraitUpsideDown UIInterfaceOrientationLandscapeLeft UIInterfaceOrientationLandscapeRight";
				INFOPLIST_KEY_UISupportedInterfaceOrientations_iPhone = "UIInterfaceOrientationPortrait UIInterfaceOrientationLandscapeLeft UIInterfaceOrientationLandscapeRight";
				IPHONEOS_DEPLOYMENT_TARGET = 16.1;
				LD_RUNPATH_SEARCH_PATHS = (
					"$(inherited)",
					"@executable_path/Frameworks",
				);
				MARKETING_VERSION = 1.0;
				PRODUCT_BUNDLE_IDENTIFIER = "nakamoto.research.SemaudioORT-nakamoto";
				PRODUCT_NAME = "$(TARGET_NAME)";
				PROVISIONING_PROFILE_SPECIFIER = "";
				SWIFT_EMIT_LOC_STRINGS = YES;
				SWIFT_VERSION = 5.0;
				TARGETED_DEVICE_FAMILY = "1,2";
			};
			name = Release;
		};
		08C74CAC29C2B1030048C87B /* Debug */ = {
			isa = XCBuildConfiguration;
			baseConfigurationReference = 8125335B87F4F554DD49DFE2 /* Pods-SemaudioORTTests.debug.xcconfig */;
			buildSettings = {
				ALWAYS_EMBED_SWIFT_STANDARD_LIBRARIES = YES;
				BUNDLE_LOADER = "$(TEST_HOST)";
				CODE_SIGN_STYLE = Automatic;
				CURRENT_PROJECT_VERSION = 1;
				DEVELOPMENT_TEAM = 62KFB53NJJ;
				GENERATE_INFOPLIST_FILE = YES;
				IPHONEOS_DEPLOYMENT_TARGET = 16.2;
				MARKETING_VERSION = 1.0;
				PRODUCT_BUNDLE_IDENTIFIER = com.vb000.SemaudioORTTests;
				PRODUCT_NAME = "$(TARGET_NAME)";
				SWIFT_EMIT_LOC_STRINGS = NO;
				SWIFT_VERSION = 5.0;
				TARGETED_DEVICE_FAMILY = "1,2";
				TEST_HOST = "$(BUILT_PRODUCTS_DIR)/SemaudioORT.app/$(BUNDLE_EXECUTABLE_FOLDER_PATH)/SemaudioORT";
			};
			name = Debug;
		};
		08C74CAD29C2B1030048C87B /* Release */ = {
			isa = XCBuildConfiguration;
			baseConfigurationReference = 4F633C62A5AE0CFD43C4870C /* Pods-SemaudioORTTests.release.xcconfig */;
			buildSettings = {
				ALWAYS_EMBED_SWIFT_STANDARD_LIBRARIES = YES;
				BUNDLE_LOADER = "$(TEST_HOST)";
				CODE_SIGN_STYLE = Automatic;
				CURRENT_PROJECT_VERSION = 1;
				DEVELOPMENT_TEAM = 62KFB53NJJ;
				GENERATE_INFOPLIST_FILE = YES;
				IPHONEOS_DEPLOYMENT_TARGET = 16.2;
				MARKETING_VERSION = 1.0;
				PRODUCT_BUNDLE_IDENTIFIER = com.vb000.SemaudioORTTests;
				PRODUCT_NAME = "$(TARGET_NAME)";
				SWIFT_EMIT_LOC_STRINGS = NO;
				SWIFT_VERSION = 5.0;
				TARGETED_DEVICE_FAMILY = "1,2";
				TEST_HOST = "$(BUILT_PRODUCTS_DIR)/SemaudioORT.app/$(BUNDLE_EXECUTABLE_FOLDER_PATH)/SemaudioORT";
			};
			name = Release;
		};
		08C74CAF29C2B1030048C87B /* Debug */ = {
			isa = XCBuildConfiguration;
			buildSettings = {
				ALWAYS_EMBED_SWIFT_STANDARD_LIBRARIES = YES;
				CODE_SIGN_STYLE = Automatic;
				CURRENT_PROJECT_VERSION = 1;
				DEVELOPMENT_TEAM = 62KFB53NJJ;
				GENERATE_INFOPLIST_FILE = YES;
				MARKETING_VERSION = 1.0;
				PRODUCT_BUNDLE_IDENTIFIER = com.vb000.SemaudioORTUITests;
				PRODUCT_NAME = "$(TARGET_NAME)";
				SWIFT_EMIT_LOC_STRINGS = NO;
				SWIFT_VERSION = 5.0;
				TARGETED_DEVICE_FAMILY = "1,2";
				TEST_TARGET_NAME = SemaudioORT;
			};
			name = Debug;
		};
		08C74CB029C2B1030048C87B /* Release */ = {
			isa = XCBuildConfiguration;
			buildSettings = {
				ALWAYS_EMBED_SWIFT_STANDARD_LIBRARIES = YES;
				CODE_SIGN_STYLE = Automatic;
				CURRENT_PROJECT_VERSION = 1;
				DEVELOPMENT_TEAM = 62KFB53NJJ;
				GENERATE_INFOPLIST_FILE = YES;
				MARKETING_VERSION = 1.0;
				PRODUCT_BUNDLE_IDENTIFIER = com.vb000.SemaudioORTUITests;
				PRODUCT_NAME = "$(TARGET_NAME)";
				SWIFT_EMIT_LOC_STRINGS = NO;
				SWIFT_VERSION = 5.0;
				TARGETED_DEVICE_FAMILY = "1,2";
				TEST_TARGET_NAME = SemaudioORT;
			};
			name = Release;
		};
/* End XCBuildConfiguration section */

/* Begin XCConfigurationList section */
		08C74C7F29C2B1000048C87B /* Build configuration list for PBXProject "SemaudioORT" */ = {
			isa = XCConfigurationList;
			buildConfigurations = (
				08C74CA629C2B1030048C87B /* Debug */,
				08C74CA729C2B1030048C87B /* Release */,
			);
			defaultConfigurationIsVisible = 0;
			defaultConfigurationName = Release;
		};
		08C74CA829C2B1030048C87B /* Build configuration list for PBXNativeTarget "SemaudioORT" */ = {
			isa = XCConfigurationList;
			buildConfigurations = (
				08C74CA929C2B1030048C87B /* Debug */,
				08C74CAA29C2B1030048C87B /* Release */,
			);
			defaultConfigurationIsVisible = 0;
			defaultConfigurationName = Release;
		};
		08C74CAB29C2B1030048C87B /* Build configuration list for PBXNativeTarget "SemaudioORTTests" */ = {
			isa = XCConfigurationList;
			buildConfigurations = (
				08C74CAC29C2B1030048C87B /* Debug */,
				08C74CAD29C2B1030048C87B /* Release */,
			);
			defaultConfigurationIsVisible = 0;
			defaultConfigurationName = Release;
		};
		08C74CAE29C2B1030048C87B /* Build configuration list for PBXNativeTarget "SemaudioORTUITests" */ = {
			isa = XCConfigurationList;
			buildConfigurations = (
				08C74CAF29C2B1030048C87B /* Debug */,
				08C74CB029C2B1030048C87B /* Release */,
			);
			defaultConfigurationIsVisible = 0;
			defaultConfigurationName = Release;
		};
/* End XCConfigurationList section */
	};
	rootObject = 08C74C7C29C2B1000048C87B /* Project object */;
}
